{
	"name": "computing-hub",
	"version": "0.0.1",
	"lockfileVersion": 3,
	"requires": true,
	"packages": {
		"": {
			"name": "computing-hub",
			"version": "0.0.1",
			"devDependencies": {
				"@sveltejs/adapter-auto": "^2.0.0",
				"@sveltejs/adapter-static": "^2.0.3",
				"@sveltejs/kit": "^1.20.4",
				"svelte": "^4.0.5",
				"vite": "^4.4.2"
			}
		},
		"node_modules/@ampproject/remapping": {
			"version": "2.2.1",
			"resolved": "https://pkgs.dev.azure.com/nhaschools/fe16c2d1-b603-45ec-9b8c-7bd11dddd295/_packaging/AppDev/npm/registry/@ampproject/remapping/-/remapping-2.2.1.tgz",
			"integrity": "sha1-mejhGFESi4cCzVfDNoTx0PJgtjA=",
			"dev": true,
			"license": "Apache-2.0",
			"dependencies": {
				"@jridgewell/gen-mapping": "^0.3.0",
				"@jridgewell/trace-mapping": "^0.3.9"
			},
			"engines": {
				"node": ">=6.0.0"
			}
		},
		"node_modules/@esbuild/android-arm": {
			"version": "0.18.20",
			"resolved": "https://pkgs.dev.azure.com/nhaschools/fe16c2d1-b603-45ec-9b8c-7bd11dddd295/_packaging/AppDev/npm/registry/@esbuild/android-arm/-/android-arm-0.18.20.tgz",
			"integrity": "sha1-/tsmW8OlichMwR+BCATyNJR8NoI=",
			"cpu": [
				"arm"
			],
			"dev": true,
			"license": "MIT",
			"optional": true,
			"os": [
				"android"
			],
			"engines": {
				"node": ">=12"
			}
		},
		"node_modules/@esbuild/android-arm64": {
			"version": "0.18.20",
			"resolved": "https://pkgs.dev.azure.com/nhaschools/fe16c2d1-b603-45ec-9b8c-7bd11dddd295/_packaging/AppDev/npm/registry/@esbuild/android-arm64/-/android-arm64-0.18.20.tgz",
			"integrity": "sha1-mEtPnI0Dd0Q8wt/O8mbQIkRZNiI=",
			"cpu": [
				"arm64"
			],
			"dev": true,
			"license": "MIT",
			"optional": true,
			"os": [
				"android"
			],
			"engines": {
				"node": ">=12"
			}
		},
		"node_modules/@esbuild/android-x64": {
			"version": "0.18.20",
			"resolved": "https://pkgs.dev.azure.com/nhaschools/fe16c2d1-b603-45ec-9b8c-7bd11dddd295/_packaging/AppDev/npm/registry/@esbuild/android-x64/-/android-x64-0.18.20.tgz",
			"integrity": "sha1-Nc9BnEz8i6voiT0pbNmQ6en3VvI=",
			"cpu": [
				"x64"
			],
			"dev": true,
			"license": "MIT",
			"optional": true,
			"os": [
				"android"
			],
			"engines": {
				"node": ">=12"
			}
		},
		"node_modules/@esbuild/darwin-arm64": {
			"version": "0.18.20",
			"resolved": "https://pkgs.dev.azure.com/nhaschools/fe16c2d1-b603-45ec-9b8c-7bd11dddd295/_packaging/AppDev/npm/registry/@esbuild/darwin-arm64/-/darwin-arm64-0.18.20.tgz",
			"integrity": "sha1-CBcsvsz5X7w4M5mn85z73a6w18E=",
			"cpu": [
				"arm64"
			],
			"dev": true,
			"license": "MIT",
			"optional": true,
			"os": [
				"darwin"
			],
			"engines": {
				"node": ">=12"
			}
		},
		"node_modules/@esbuild/darwin-x64": {
			"version": "0.18.20",
			"resolved": "https://pkgs.dev.azure.com/nhaschools/fe16c2d1-b603-45ec-9b8c-7bd11dddd295/_packaging/AppDev/npm/registry/@esbuild/darwin-x64/-/darwin-x64-0.18.20.tgz",
			"integrity": "sha1-1w1XkNi/R1VWtn0Pi3xb3/BT2F0=",
			"cpu": [
				"x64"
			],
			"dev": true,
			"license": "MIT",
			"optional": true,
			"os": [
				"darwin"
			],
			"engines": {
				"node": ">=12"
			}
		},
		"node_modules/@esbuild/freebsd-arm64": {
			"version": "0.18.20",
			"resolved": "https://pkgs.dev.azure.com/nhaschools/fe16c2d1-b603-45ec-9b8c-7bd11dddd295/_packaging/AppDev/npm/registry/@esbuild/freebsd-arm64/-/freebsd-arm64-0.18.20.tgz",
			"integrity": "sha1-mHVc0ScH+T8hDiSU1qS1G5aXf1Q=",
			"cpu": [
				"arm64"
			],
			"dev": true,
			"license": "MIT",
			"optional": true,
			"os": [
				"freebsd"
			],
			"engines": {
				"node": ">=12"
			}
		},
		"node_modules/@esbuild/freebsd-x64": {
			"version": "0.18.20",
			"resolved": "https://pkgs.dev.azure.com/nhaschools/fe16c2d1-b603-45ec-9b8c-7bd11dddd295/_packaging/AppDev/npm/registry/@esbuild/freebsd-x64/-/freebsd-x64-0.18.20.tgz",
			"integrity": "sha1-wesr/wORX4fCnOzkwaf6H0I7Bm4=",
			"cpu": [
				"x64"
			],
			"dev": true,
			"license": "MIT",
			"optional": true,
			"os": [
				"freebsd"
			],
			"engines": {
				"node": ">=12"
			}
		},
		"node_modules/@esbuild/linux-arm": {
			"version": "0.18.20",
			"resolved": "https://pkgs.dev.azure.com/nhaschools/fe16c2d1-b603-45ec-9b8c-7bd11dddd295/_packaging/AppDev/npm/registry/@esbuild/linux-arm/-/linux-arm-0.18.20.tgz",
			"integrity": "sha1-PmF8YfM1CKJxUO5BdUPIq1rMc7A=",
			"cpu": [
				"arm"
			],
			"dev": true,
			"license": "MIT",
			"optional": true,
			"os": [
				"linux"
			],
			"engines": {
				"node": ">=12"
			}
		},
		"node_modules/@esbuild/linux-arm64": {
			"version": "0.18.20",
			"resolved": "https://pkgs.dev.azure.com/nhaschools/fe16c2d1-b603-45ec-9b8c-7bd11dddd295/_packaging/AppDev/npm/registry/@esbuild/linux-arm64/-/linux-arm64-0.18.20.tgz",
			"integrity": "sha1-utQji9j0/CW1oCEoDHcKtfw6AqA=",
			"cpu": [
				"arm64"
			],
			"dev": true,
			"license": "MIT",
			"optional": true,
			"os": [
				"linux"
			],
			"engines": {
				"node": ">=12"
			}
		},
		"node_modules/@esbuild/linux-ia32": {
			"version": "0.18.20",
			"resolved": "https://pkgs.dev.azure.com/nhaschools/fe16c2d1-b603-45ec-9b8c-7bd11dddd295/_packaging/AppDev/npm/registry/@esbuild/linux-ia32/-/linux-ia32-0.18.20.tgz",
			"integrity": "sha1-aZORzMupruYBm3+YkuuZIZ8VcKc=",
			"cpu": [
				"ia32"
			],
			"dev": true,
			"license": "MIT",
			"optional": true,
			"os": [
				"linux"
			],
			"engines": {
				"node": ">=12"
			}
		},
		"node_modules/@esbuild/linux-loong64": {
			"version": "0.18.20",
			"resolved": "https://pkgs.dev.azure.com/nhaschools/fe16c2d1-b603-45ec-9b8c-7bd11dddd295/_packaging/AppDev/npm/registry/@esbuild/linux-loong64/-/linux-loong64-0.18.20.tgz",
			"integrity": "sha1-5vzLeqwXjdL/uYYEZayJ1/I7l30=",
			"cpu": [
				"loong64"
			],
			"dev": true,
			"license": "MIT",
			"optional": true,
			"os": [
				"linux"
			],
			"engines": {
				"node": ">=12"
			}
		},
		"node_modules/@esbuild/linux-mips64el": {
			"version": "0.18.20",
			"resolved": "https://pkgs.dev.azure.com/nhaschools/fe16c2d1-b603-45ec-9b8c-7bd11dddd295/_packaging/AppDev/npm/registry/@esbuild/linux-mips64el/-/linux-mips64el-0.18.20.tgz",
			"integrity": "sha1-7v86k33pwjEN4wYiqVetG9kYMjE=",
			"cpu": [
				"mips64el"
			],
			"dev": true,
			"license": "MIT",
			"optional": true,
			"os": [
				"linux"
			],
			"engines": {
				"node": ">=12"
			}
		},
		"node_modules/@esbuild/linux-ppc64": {
			"version": "0.18.20",
			"resolved": "https://pkgs.dev.azure.com/nhaschools/fe16c2d1-b603-45ec-9b8c-7bd11dddd295/_packaging/AppDev/npm/registry/@esbuild/linux-ppc64/-/linux-ppc64-0.18.20.tgz",
			"integrity": "sha1-L3FWveILAVJ5k+aIFDWtebqVmfs=",
			"cpu": [
				"ppc64"
			],
			"dev": true,
			"license": "MIT",
			"optional": true,
			"os": [
				"linux"
			],
			"engines": {
				"node": ">=12"
			}
		},
		"node_modules/@esbuild/linux-riscv64": {
			"version": "0.18.20",
			"resolved": "https://pkgs.dev.azure.com/nhaschools/fe16c2d1-b603-45ec-9b8c-7bd11dddd295/_packaging/AppDev/npm/registry/@esbuild/linux-riscv64/-/linux-riscv64-0.18.20.tgz",
			"integrity": "sha1-Zig4nyEBI9i0dDBFr4yqfU3fx6Y=",
			"cpu": [
				"riscv64"
			],
			"dev": true,
			"license": "MIT",
			"optional": true,
			"os": [
				"linux"
			],
			"engines": {
				"node": ">=12"
			}
		},
		"node_modules/@esbuild/linux-s390x": {
			"version": "0.18.20",
			"resolved": "https://pkgs.dev.azure.com/nhaschools/fe16c2d1-b603-45ec-9b8c-7bd11dddd295/_packaging/AppDev/npm/registry/@esbuild/linux-s390x/-/linux-s390x-0.18.20.tgz",
			"integrity": "sha1-JV6B+yibEBAmExhYq5n7pj3PAHE=",
			"cpu": [
				"s390x"
			],
			"dev": true,
			"license": "MIT",
			"optional": true,
			"os": [
				"linux"
			],
			"engines": {
				"node": ">=12"
			}
		},
		"node_modules/@esbuild/linux-x64": {
			"version": "0.18.20",
			"resolved": "https://pkgs.dev.azure.com/nhaschools/fe16c2d1-b603-45ec-9b8c-7bd11dddd295/_packaging/AppDev/npm/registry/@esbuild/linux-x64/-/linux-x64-0.18.20.tgz",
			"integrity": "sha1-x2kLNBevMYqbb5bfMDGohlF20zg=",
			"cpu": [
				"x64"
			],
			"dev": true,
			"license": "MIT",
			"optional": true,
			"os": [
				"linux"
			],
			"engines": {
				"node": ">=12"
			}
		},
		"node_modules/@esbuild/netbsd-x64": {
			"version": "0.18.20",
			"resolved": "https://pkgs.dev.azure.com/nhaschools/fe16c2d1-b603-45ec-9b8c-7bd11dddd295/_packaging/AppDev/npm/registry/@esbuild/netbsd-x64/-/netbsd-x64-0.18.20.tgz",
			"integrity": "sha1-MOjNij3e1jl14t8kOMoQlgHr4NE=",
			"cpu": [
				"x64"
			],
			"dev": true,
			"license": "MIT",
			"optional": true,
			"os": [
				"netbsd"
			],
			"engines": {
				"node": ">=12"
			}
		},
		"node_modules/@esbuild/openbsd-x64": {
			"version": "0.18.20",
			"resolved": "https://pkgs.dev.azure.com/nhaschools/fe16c2d1-b603-45ec-9b8c-7bd11dddd295/_packaging/AppDev/npm/registry/@esbuild/openbsd-x64/-/openbsd-x64-0.18.20.tgz",
			"integrity": "sha1-eBKvMbIFBVh0yAguqc+asNpiF64=",
			"cpu": [
				"x64"
			],
			"dev": true,
			"license": "MIT",
			"optional": true,
			"os": [
				"openbsd"
			],
			"engines": {
				"node": ">=12"
			}
		},
		"node_modules/@esbuild/sunos-x64": {
			"version": "0.18.20",
			"resolved": "https://pkgs.dev.azure.com/nhaschools/fe16c2d1-b603-45ec-9b8c-7bd11dddd295/_packaging/AppDev/npm/registry/@esbuild/sunos-x64/-/sunos-x64-0.18.20.tgz",
			"integrity": "sha1-1cJ1w7TnPJsOzTjRymLAIPiHq50=",
			"cpu": [
				"x64"
			],
			"dev": true,
			"license": "MIT",
			"optional": true,
			"os": [
				"sunos"
			],
			"engines": {
				"node": ">=12"
			}
		},
		"node_modules/@esbuild/win32-arm64": {
			"version": "0.18.20",
			"resolved": "https://pkgs.dev.azure.com/nhaschools/fe16c2d1-b603-45ec-9b8c-7bd11dddd295/_packaging/AppDev/npm/registry/@esbuild/win32-arm64/-/win32-arm64-0.18.20.tgz",
			"integrity": "sha1-c7x/Wp+Kd4BfNX+rl/KQ0OSCCsk=",
			"cpu": [
				"arm64"
			],
			"dev": true,
			"license": "MIT",
			"optional": true,
			"os": [
				"win32"
			],
			"engines": {
				"node": ">=12"
			}
		},
		"node_modules/@esbuild/win32-ia32": {
			"version": "0.18.20",
			"resolved": "https://pkgs.dev.azure.com/nhaschools/fe16c2d1-b603-45ec-9b8c-7bd11dddd295/_packaging/AppDev/npm/registry/@esbuild/win32-ia32/-/win32-ia32-0.18.20.tgz",
			"integrity": "sha1-7JPL8O8QhcwS5x4NZh0gVp/0IQI=",
			"cpu": [
				"ia32"
			],
			"dev": true,
			"license": "MIT",
			"optional": true,
			"os": [
				"win32"
			],
			"engines": {
				"node": ">=12"
			}
		},
		"node_modules/@esbuild/win32-x64": {
			"version": "0.18.20",
			"resolved": "https://pkgs.dev.azure.com/nhaschools/fe16c2d1-b603-45ec-9b8c-7bd11dddd295/_packaging/AppDev/npm/registry/@esbuild/win32-x64/-/win32-x64-0.18.20.tgz",
			"integrity": "sha1-eGxfQfBDsHr7GvN2g9fDNmiFj20=",
			"cpu": [
				"x64"
			],
			"dev": true,
			"license": "MIT",
			"optional": true,
			"os": [
				"win32"
			],
			"engines": {
				"node": ">=12"
			}
		},
		"node_modules/@jridgewell/gen-mapping": {
			"version": "0.3.3",
			"resolved": "https://pkgs.dev.azure.com/nhaschools/fe16c2d1-b603-45ec-9b8c-7bd11dddd295/_packaging/AppDev/npm/registry/@jridgewell/gen-mapping/-/gen-mapping-0.3.3.tgz",
			"integrity": "sha1-fgLm6135AartsIUUIDsJZhQCQJg=",
			"dev": true,
			"license": "MIT",
			"dependencies": {
				"@jridgewell/set-array": "^1.0.1",
				"@jridgewell/sourcemap-codec": "^1.4.10",
				"@jridgewell/trace-mapping": "^0.3.9"
			},
			"engines": {
				"node": ">=6.0.0"
			}
		},
		"node_modules/@jridgewell/resolve-uri": {
			"version": "3.1.1",
			"resolved": "https://pkgs.dev.azure.com/nhaschools/fe16c2d1-b603-45ec-9b8c-7bd11dddd295/_packaging/AppDev/npm/registry/@jridgewell/resolve-uri/-/resolve-uri-3.1.1.tgz",
			"integrity": "sha1-wIZ5Bj8nlhWjMmWDujqQ0dgsxyE=",
			"dev": true,
			"license": "MIT",
			"engines": {
				"node": ">=6.0.0"
			}
		},
		"node_modules/@jridgewell/set-array": {
			"version": "1.1.2",
			"resolved": "https://pkgs.dev.azure.com/nhaschools/fe16c2d1-b603-45ec-9b8c-7bd11dddd295/_packaging/AppDev/npm/registry/@jridgewell/set-array/-/set-array-1.1.2.tgz",
			"integrity": "sha1-fGz5mNbSC5FMClWpGuko/yWWXnI=",
			"dev": true,
			"license": "MIT",
			"engines": {
				"node": ">=6.0.0"
			}
		},
		"node_modules/@jridgewell/sourcemap-codec": {
			"version": "1.4.15",
			"resolved": "https://pkgs.dev.azure.com/nhaschools/fe16c2d1-b603-45ec-9b8c-7bd11dddd295/_packaging/AppDev/npm/registry/@jridgewell/sourcemap-codec/-/sourcemap-codec-1.4.15.tgz",
			"integrity": "sha1-18bmdVx4VnqVHgSrUu8P0m3lnzI=",
			"dev": true,
			"license": "MIT"
		},
		"node_modules/@jridgewell/trace-mapping": {
			"version": "0.3.19",
			"resolved": "https://pkgs.dev.azure.com/nhaschools/fe16c2d1-b603-45ec-9b8c-7bd11dddd295/_packaging/AppDev/npm/registry/@jridgewell/trace-mapping/-/trace-mapping-0.3.19.tgz",
			"integrity": "sha1-+KMkmGL5G+SNMSfDz+mS95tLiBE=",
			"dev": true,
			"license": "MIT",
			"dependencies": {
				"@jridgewell/resolve-uri": "^3.1.0",
				"@jridgewell/sourcemap-codec": "^1.4.14"
			}
		},
		"node_modules/@polka/url": {
			"version": "1.0.0-next.21",
			"resolved": "https://pkgs.dev.azure.com/nhaschools/fe16c2d1-b603-45ec-9b8c-7bd11dddd295/_packaging/AppDev/npm/registry/@polka/url/-/url-1.0.0-next.21.tgz",
			"integrity": "sha1-XeWiOFo1MJQn9gEZkrVEUU1VmqE=",
			"dev": true,
			"license": "MIT"
		},
		"node_modules/@sveltejs/adapter-auto": {
			"version": "2.1.0",
			"resolved": "https://pkgs.dev.azure.com/nhaschools/fe16c2d1-b603-45ec-9b8c-7bd11dddd295/_packaging/AppDev/npm/registry/@sveltejs/adapter-auto/-/adapter-auto-2.1.0.tgz",
			"integrity": "sha1-yzb9cIHjxLHJqRkrGiPIyC3Oihs=",
			"dev": true,
			"license": "MIT",
			"dependencies": {
				"import-meta-resolve": "^3.0.0"
			},
			"peerDependencies": {
				"@sveltejs/kit": "^1.0.0"
			}
		},
		"node_modules/@sveltejs/adapter-static": {
			"version": "2.0.3",
			"resolved": "https://pkgs.dev.azure.com/nhaschools/fe16c2d1-b603-45ec-9b8c-7bd11dddd295/_packaging/AppDev/npm/registry/@sveltejs/adapter-static/-/adapter-static-2.0.3.tgz",
			"integrity": "sha1-YWg2wwvc5NZzouJsD1/71cG8fGc=",
			"dev": true,
			"license": "MIT",
			"peerDependencies": {
				"@sveltejs/kit": "^1.5.0"
			}
		},
		"node_modules/@sveltejs/kit": {
			"version": "1.22.6",
			"resolved": "https://pkgs.dev.azure.com/nhaschools/fe16c2d1-b603-45ec-9b8c-7bd11dddd295/_packaging/AppDev/npm/registry/@sveltejs/kit/-/kit-1.22.6.tgz",
			"integrity": "sha1-dOtC7tpLK1hQIxTKa/BP7AxI+Ro=",
			"dev": true,
			"hasInstallScript": true,
			"license": "MIT",
			"dependencies": {
				"@sveltejs/vite-plugin-svelte": "^2.4.1",
				"@types/cookie": "^0.5.1",
				"cookie": "^0.5.0",
				"devalue": "^4.3.1",
				"esm-env": "^1.0.0",
				"kleur": "^4.1.5",
				"magic-string": "^0.30.0",
				"mime": "^3.0.0",
				"sade": "^1.8.1",
				"set-cookie-parser": "^2.6.0",
				"sirv": "^2.0.2",
				"undici": "~5.23.0"
			},
			"bin": {
				"svelte-kit": "svelte-kit.js"
			},
			"engines": {
				"node": "^16.14 || >=18"
			},
			"peerDependencies": {
				"svelte": "^3.54.0 || ^4.0.0-next.0",
				"vite": "^4.0.0"
			}
		},
		"node_modules/@sveltejs/vite-plugin-svelte": {
			"version": "2.4.5",
			"resolved": "https://pkgs.dev.azure.com/nhaschools/fe16c2d1-b603-45ec-9b8c-7bd11dddd295/_packaging/AppDev/npm/registry/@sveltejs/vite-plugin-svelte/-/vite-plugin-svelte-2.4.5.tgz",
			"integrity": "sha1-Vbpgzjffo6z3a07FSVUBGjTNSaI=",
			"dev": true,
			"license": "MIT",
			"dependencies": {
				"@sveltejs/vite-plugin-svelte-inspector": "^1.0.3",
				"debug": "^4.3.4",
				"deepmerge": "^4.3.1",
				"kleur": "^4.1.5",
				"magic-string": "^0.30.2",
				"svelte-hmr": "^0.15.3",
				"vitefu": "^0.2.4"
			},
			"engines": {
				"node": "^14.18.0 || >= 16"
			},
			"peerDependencies": {
				"svelte": "^3.54.0 || ^4.0.0",
				"vite": "^4.0.0"
			}
		},
		"node_modules/@sveltejs/vite-plugin-svelte-inspector": {
			"version": "1.0.4",
			"resolved": "https://pkgs.dev.azure.com/nhaschools/fe16c2d1-b603-45ec-9b8c-7bd11dddd295/_packaging/AppDev/npm/registry/@sveltejs/vite-plugin-svelte-inspector/-/vite-plugin-svelte-inspector-1.0.4.tgz",
			"integrity": "sha1-yZ/Lc6qoRaPiwFY0Ca6z7guGOt0=",
			"dev": true,
			"license": "MIT",
			"dependencies": {
				"debug": "^4.3.4"
			},
			"engines": {
				"node": "^14.18.0 || >= 16"
			},
			"peerDependencies": {
				"@sveltejs/vite-plugin-svelte": "^2.2.0",
				"svelte": "^3.54.0 || ^4.0.0",
				"vite": "^4.0.0"
			}
		},
		"node_modules/@types/cookie": {
			"version": "0.5.1",
			"resolved": "https://pkgs.dev.azure.com/nhaschools/fe16c2d1-b603-45ec-9b8c-7bd11dddd295/_packaging/AppDev/npm/registry/@types/cookie/-/cookie-0.5.1.tgz",
			"integrity": "sha1-spqh+RpZ814p/498sk+vGjp1BVQ=",
			"dev": true,
			"license": "MIT"
		},
		"node_modules/@types/estree": {
			"version": "1.0.1",
			"resolved": "https://pkgs.dev.azure.com/nhaschools/fe16c2d1-b603-45ec-9b8c-7bd11dddd295/_packaging/AppDev/npm/registry/@types/estree/-/estree-1.0.1.tgz",
			"integrity": "sha1-qiJ1CWLzvw5511PTzAZ/AQyV8ZQ=",
			"dev": true,
			"license": "MIT"
		},
		"node_modules/acorn": {
			"version": "8.10.0",
			"resolved": "https://pkgs.dev.azure.com/nhaschools/fe16c2d1-b603-45ec-9b8c-7bd11dddd295/_packaging/AppDev/npm/registry/acorn/-/acorn-8.10.0.tgz",
			"integrity": "sha1-i+WzkHpnIhqBqyPHiJxMVSa2LsU=",
			"dev": true,
			"license": "MIT",
			"bin": {
				"acorn": "bin/acorn"
			},
			"engines": {
				"node": ">=0.4.0"
			}
		},
		"node_modules/aria-query": {
			"version": "5.3.0",
			"resolved": "https://pkgs.dev.azure.com/nhaschools/fe16c2d1-b603-45ec-9b8c-7bd11dddd295/_packaging/AppDev/npm/registry/aria-query/-/aria-query-5.3.0.tgz",
			"integrity": "sha1-ZQxWnkGtkLUbPX315e7Rx1ScED4=",
			"dev": true,
			"license": "Apache-2.0",
			"dependencies": {
				"dequal": "^2.0.3"
			}
		},
		"node_modules/axobject-query": {
			"version": "3.2.1",
			"resolved": "https://pkgs.dev.azure.com/nhaschools/fe16c2d1-b603-45ec-9b8c-7bd11dddd295/_packaging/AppDev/npm/registry/axobject-query/-/axobject-query-3.2.1.tgz",
			"integrity": "sha1-OcN4puOwbKZ58pE4FR5FsrMtpio=",
			"dev": true,
			"license": "Apache-2.0",
			"dependencies": {
				"dequal": "^2.0.3"
			}
		},
		"node_modules/busboy": {
			"version": "1.6.0",
			"resolved": "https://pkgs.dev.azure.com/nhaschools/fe16c2d1-b603-45ec-9b8c-7bd11dddd295/_packaging/AppDev/npm/registry/busboy/-/busboy-1.6.0.tgz",
			"integrity": "sha1-lm6japUC5DzbkUaWJSO5L1MfaJM=",
			"dev": true,
			"dependencies": {
				"streamsearch": "^1.1.0"
			},
			"engines": {
				"node": ">=10.16.0"
			}
		},
		"node_modules/code-red": {
			"version": "1.0.4",
			"resolved": "https://pkgs.dev.azure.com/nhaschools/fe16c2d1-b603-45ec-9b8c-7bd11dddd295/_packaging/AppDev/npm/registry/code-red/-/code-red-1.0.4.tgz",
			"integrity": "sha1-WbpcnR0yCk73lbwQoovUK/6+PjU=",
			"dev": true,
			"license": "MIT",
			"dependencies": {
				"@jridgewell/sourcemap-codec": "^1.4.15",
				"@types/estree": "^1.0.1",
				"acorn": "^8.10.0",
				"estree-walker": "^3.0.3",
				"periscopic": "^3.1.0"
			}
		},
		"node_modules/cookie": {
			"version": "0.5.0",
			"resolved": "https://pkgs.dev.azure.com/nhaschools/fe16c2d1-b603-45ec-9b8c-7bd11dddd295/_packaging/AppDev/npm/registry/cookie/-/cookie-0.5.0.tgz",
			"integrity": "sha1-0fXXGt7GVYxY84mYfDZqpH6ZT4s=",
			"dev": true,
			"license": "MIT",
			"engines": {
				"node": ">= 0.6"
			}
		},
		"node_modules/css-tree": {
			"version": "2.3.1",
			"resolved": "https://pkgs.dev.azure.com/nhaschools/fe16c2d1-b603-45ec-9b8c-7bd11dddd295/_packaging/AppDev/npm/registry/css-tree/-/css-tree-2.3.1.tgz",
			"integrity": "sha1-ECZM4eVELoVy/IL75JBkT/VLXCA=",
			"dev": true,
			"license": "MIT",
			"dependencies": {
				"mdn-data": "2.0.30",
				"source-map-js": "^1.0.1"
			},
			"engines": {
				"node": "^10 || ^12.20.0 || ^14.13.0 || >=15.0.0"
			}
		},
		"node_modules/debug": {
			"version": "4.3.4",
			"resolved": "https://pkgs.dev.azure.com/nhaschools/fe16c2d1-b603-45ec-9b8c-7bd11dddd295/_packaging/AppDev/npm/registry/debug/-/debug-4.3.4.tgz",
			"integrity": "sha1-Exn2V5NX8jONMzfSzdSRS7XcyGU=",
			"dev": true,
			"license": "MIT",
			"dependencies": {
				"ms": "2.1.2"
			},
			"engines": {
				"node": ">=6.0"
			},
			"peerDependenciesMeta": {
				"supports-color": {
					"optional": true
				}
			}
		},
		"node_modules/deepmerge": {
			"version": "4.3.1",
			"resolved": "https://pkgs.dev.azure.com/nhaschools/fe16c2d1-b603-45ec-9b8c-7bd11dddd295/_packaging/AppDev/npm/registry/deepmerge/-/deepmerge-4.3.1.tgz",
			"integrity": "sha1-RLXyFHzTsA1LVhN2hZZvJv0l3Uo=",
			"dev": true,
			"license": "MIT",
			"engines": {
				"node": ">=0.10.0"
			}
		},
		"node_modules/dequal": {
			"version": "2.0.3",
			"resolved": "https://pkgs.dev.azure.com/nhaschools/fe16c2d1-b603-45ec-9b8c-7bd11dddd295/_packaging/AppDev/npm/registry/dequal/-/dequal-2.0.3.tgz",
			"integrity": "sha1-JkQhTxmX057Q7g7OcjNUkKesZ74=",
			"dev": true,
			"license": "MIT",
			"engines": {
				"node": ">=6"
			}
		},
		"node_modules/devalue": {
			"version": "4.3.2",
			"resolved": "https://pkgs.dev.azure.com/nhaschools/fe16c2d1-b603-45ec-9b8c-7bd11dddd295/_packaging/AppDev/npm/registry/devalue/-/devalue-4.3.2.tgz",
			"integrity": "sha1-zETkzzhyrFp4Ip+847d+VwMnJ7U=",
			"dev": true,
			"license": "MIT"
		},
		"node_modules/esbuild": {
			"version": "0.18.20",
			"resolved": "https://pkgs.dev.azure.com/nhaschools/fe16c2d1-b603-45ec-9b8c-7bd11dddd295/_packaging/AppDev/npm/registry/esbuild/-/esbuild-0.18.20.tgz",
			"integrity": "sha1-Rwn1o0gBtDt5mrfW2C9yhKm3p6Y=",
			"dev": true,
			"hasInstallScript": true,
			"license": "MIT",
			"bin": {
				"esbuild": "bin/esbuild"
			},
			"engines": {
				"node": ">=12"
			},
			"optionalDependencies": {
				"@esbuild/android-arm": "0.18.20",
				"@esbuild/android-arm64": "0.18.20",
				"@esbuild/android-x64": "0.18.20",
				"@esbuild/darwin-arm64": "0.18.20",
				"@esbuild/darwin-x64": "0.18.20",
				"@esbuild/freebsd-arm64": "0.18.20",
				"@esbuild/freebsd-x64": "0.18.20",
				"@esbuild/linux-arm": "0.18.20",
				"@esbuild/linux-arm64": "0.18.20",
				"@esbuild/linux-ia32": "0.18.20",
				"@esbuild/linux-loong64": "0.18.20",
				"@esbuild/linux-mips64el": "0.18.20",
				"@esbuild/linux-ppc64": "0.18.20",
				"@esbuild/linux-riscv64": "0.18.20",
				"@esbuild/linux-s390x": "0.18.20",
				"@esbuild/linux-x64": "0.18.20",
				"@esbuild/netbsd-x64": "0.18.20",
				"@esbuild/openbsd-x64": "0.18.20",
				"@esbuild/sunos-x64": "0.18.20",
				"@esbuild/win32-arm64": "0.18.20",
				"@esbuild/win32-ia32": "0.18.20",
				"@esbuild/win32-x64": "0.18.20"
			}
		},
		"node_modules/esm-env": {
			"version": "1.0.0",
			"resolved": "https://pkgs.dev.azure.com/nhaschools/fe16c2d1-b603-45ec-9b8c-7bd11dddd295/_packaging/AppDev/npm/registry/esm-env/-/esm-env-1.0.0.tgz",
			"integrity": "sha1-sSS0CxgHEWkKTLmwDRZXM5GVBBM=",
			"dev": true,
			"license": "MIT"
		},
		"node_modules/estree-walker": {
			"version": "3.0.3",
			"resolved": "https://pkgs.dev.azure.com/nhaschools/fe16c2d1-b603-45ec-9b8c-7bd11dddd295/_packaging/AppDev/npm/registry/estree-walker/-/estree-walker-3.0.3.tgz",
			"integrity": "sha1-Z8PlSexAKkh7T8GT0ZU6UkdSNA0=",
			"dev": true,
			"license": "MIT",
			"dependencies": {
				"@types/estree": "^1.0.0"
			}
		},
		"node_modules/fsevents": {
			"version": "2.3.3",
			"resolved": "https://pkgs.dev.azure.com/nhaschools/fe16c2d1-b603-45ec-9b8c-7bd11dddd295/_packaging/AppDev/npm/registry/fsevents/-/fsevents-2.3.3.tgz",
			"integrity": "sha1-ysZAd4XQNnWipeGlMFxpezR9kNY=",
			"dev": true,
			"hasInstallScript": true,
			"license": "MIT",
			"optional": true,
			"os": [
				"darwin"
			],
			"engines": {
				"node": "^8.16.0 || ^10.6.0 || >=11.0.0"
			}
		},
		"node_modules/import-meta-resolve": {
			"version": "3.0.0",
			"resolved": "https://pkgs.dev.azure.com/nhaschools/fe16c2d1-b603-45ec-9b8c-7bd11dddd295/_packaging/AppDev/npm/registry/import-meta-resolve/-/import-meta-resolve-3.0.0.tgz",
			"integrity": "sha1-lKaqvGI4dPvC81JewTANtxxsvBE=",
			"dev": true,
			"license": "MIT",
			"funding": {
				"type": "github",
				"url": "https://github.com/sponsors/wooorm"
			}
		},
		"node_modules/is-reference": {
			"version": "3.0.1",
			"resolved": "https://pkgs.dev.azure.com/nhaschools/fe16c2d1-b603-45ec-9b8c-7bd11dddd295/_packaging/AppDev/npm/registry/is-reference/-/is-reference-3.0.1.tgz",
			"integrity": "sha1-1AD0Jg9+VXM5VeYNNh2CfrTTuDE=",
			"dev": true,
			"license": "MIT",
			"dependencies": {
				"@types/estree": "*"
			}
		},
		"node_modules/kleur": {
			"version": "4.1.5",
			"resolved": "https://pkgs.dev.azure.com/nhaschools/fe16c2d1-b603-45ec-9b8c-7bd11dddd295/_packaging/AppDev/npm/registry/kleur/-/kleur-4.1.5.tgz",
			"integrity": "sha1-lRBhAXlfcFDGxlDzUMaD/r3bF4A=",
			"dev": true,
			"license": "MIT",
			"engines": {
				"node": ">=6"
			}
		},
		"node_modules/locate-character": {
			"version": "3.0.0",
			"resolved": "https://pkgs.dev.azure.com/nhaschools/fe16c2d1-b603-45ec-9b8c-7bd11dddd295/_packaging/AppDev/npm/registry/locate-character/-/locate-character-3.0.0.tgz",
			"integrity": "sha1-AwXFuHRPYQKO9dAfREAJ4Ad5+XQ=",
			"dev": true,
			"license": "MIT"
		},
		"node_modules/magic-string": {
			"version": "0.30.3",
			"resolved": "https://pkgs.dev.azure.com/nhaschools/fe16c2d1-b603-45ec-9b8c-7bd11dddd295/_packaging/AppDev/npm/registry/magic-string/-/magic-string-0.30.3.tgz",
			"integrity": "sha1-QDdV39nWs5jfpAY11S6WxawJW4U=",
			"dev": true,
			"license": "MIT",
			"dependencies": {
				"@jridgewell/sourcemap-codec": "^1.4.15"
			},
			"engines": {
				"node": ">=12"
			}
		},
		"node_modules/mdn-data": {
			"version": "2.0.30",
			"resolved": "https://pkgs.dev.azure.com/nhaschools/fe16c2d1-b603-45ec-9b8c-7bd11dddd295/_packaging/AppDev/npm/registry/mdn-data/-/mdn-data-2.0.30.tgz",
			"integrity": "sha1-zk32+Ar2z74hjs1cVSuhPE36CMw=",
			"dev": true,
			"license": "CC0-1.0"
		},
		"node_modules/mime": {
			"version": "3.0.0",
			"resolved": "https://pkgs.dev.azure.com/nhaschools/fe16c2d1-b603-45ec-9b8c-7bd11dddd295/_packaging/AppDev/npm/registry/mime/-/mime-3.0.0.tgz",
			"integrity": "sha1-s3RVDco6DBhEOwyVCmpY8ZMc96c=",
			"dev": true,
			"license": "MIT",
			"bin": {
				"mime": "cli.js"
			},
			"engines": {
				"node": ">=10.0.0"
			}
		},
		"node_modules/mri": {
			"version": "1.2.0",
			"resolved": "https://pkgs.dev.azure.com/nhaschools/fe16c2d1-b603-45ec-9b8c-7bd11dddd295/_packaging/AppDev/npm/registry/mri/-/mri-1.2.0.tgz",
			"integrity": "sha1-ZyFID+wqEaSImGERWki2y+fMjws=",
			"dev": true,
			"license": "MIT",
			"engines": {
				"node": ">=4"
			}
		},
		"node_modules/mrmime": {
			"version": "1.0.1",
			"resolved": "https://pkgs.dev.azure.com/nhaschools/fe16c2d1-b603-45ec-9b8c-7bd11dddd295/_packaging/AppDev/npm/registry/mrmime/-/mrmime-1.0.1.tgz",
			"integrity": "sha1-X5DIJfrUvdQdyRTv9dGoz9ryTyc=",
			"dev": true,
			"license": "MIT",
			"engines": {
				"node": ">=10"
			}
		},
		"node_modules/ms": {
			"version": "2.1.2",
			"resolved": "https://pkgs.dev.azure.com/nhaschools/fe16c2d1-b603-45ec-9b8c-7bd11dddd295/_packaging/AppDev/npm/registry/ms/-/ms-2.1.2.tgz",
			"integrity": "sha1-0J0fNXtEP0kzgqjrPM0YOHKuYAk=",
			"dev": true,
			"license": "MIT"
		},
		"node_modules/nanoid": {
			"version": "3.3.6",
			"resolved": "https://pkgs.dev.azure.com/nhaschools/fe16c2d1-b603-45ec-9b8c-7bd11dddd295/_packaging/AppDev/npm/registry/nanoid/-/nanoid-3.3.6.tgz",
			"integrity": "sha1-RDOAyFbW6fmCQmfZYLQjatWD6kw=",
			"dev": true,
			"funding": [
				{
					"type": "github",
					"url": "https://github.com/sponsors/ai"
				}
			],
			"license": "MIT",
			"bin": {
				"nanoid": "bin/nanoid.cjs"
			},
			"engines": {
				"node": "^10 || ^12 || ^13.7 || ^14 || >=15.0.1"
			}
		},
		"node_modules/periscopic": {
			"version": "3.1.0",
			"resolved": "https://pkgs.dev.azure.com/nhaschools/fe16c2d1-b603-45ec-9b8c-7bd11dddd295/_packaging/AppDev/npm/registry/periscopic/-/periscopic-3.1.0.tgz",
			"integrity": "sha1-fpA3v1HFhVvTO0iSiCjbSvp52Xo=",
			"dev": true,
			"license": "MIT",
			"dependencies": {
				"@types/estree": "^1.0.0",
				"estree-walker": "^3.0.0",
				"is-reference": "^3.0.0"
			}
		},
		"node_modules/picocolors": {
			"version": "1.0.0",
			"resolved": "https://pkgs.dev.azure.com/nhaschools/fe16c2d1-b603-45ec-9b8c-7bd11dddd295/_packaging/AppDev/npm/registry/picocolors/-/picocolors-1.0.0.tgz",
			"integrity": "sha1-y1vcdP8/UYkiNur3nWi8RFZKuBw=",
			"dev": true,
			"license": "ISC"
		},
		"node_modules/postcss": {
			"version": "8.4.28",
			"resolved": "https://pkgs.dev.azure.com/nhaschools/fe16c2d1-b603-45ec-9b8c-7bd11dddd295/_packaging/AppDev/npm/registry/postcss/-/postcss-8.4.28.tgz",
			"integrity": "sha1-xsxoHtABCQcoFuFVf4ie9Rz5UKU=",
			"dev": true,
			"funding": [
				{
					"type": "opencollective",
					"url": "https://opencollective.com/postcss/"
				},
				{
					"type": "tidelift",
					"url": "https://tidelift.com/funding/github/npm/postcss"
				},
				{
					"type": "github",
					"url": "https://github.com/sponsors/ai"
				}
			],
			"license": "MIT",
			"dependencies": {
				"nanoid": "^3.3.6",
				"picocolors": "^1.0.0",
				"source-map-js": "^1.0.2"
			},
			"engines": {
				"node": "^10 || ^12 || >=14"
			}
		},
		"node_modules/rollup": {
			"version": "3.28.1",
			"resolved": "https://pkgs.dev.azure.com/nhaschools/fe16c2d1-b603-45ec-9b8c-7bd11dddd295/_packaging/AppDev/npm/registry/rollup/-/rollup-3.28.1.tgz",
			"integrity": "sha1-+0SqbV5lx+E/1bz/8mbQxOqbpDM=",
			"dev": true,
			"license": "MIT",
			"bin": {
				"rollup": "dist/bin/rollup"
			},
			"engines": {
				"node": ">=14.18.0",
				"npm": ">=8.0.0"
			},
			"optionalDependencies": {
				"fsevents": "~2.3.2"
			}
		},
		"node_modules/sade": {
			"version": "1.8.1",
			"resolved": "https://pkgs.dev.azure.com/nhaschools/fe16c2d1-b603-45ec-9b8c-7bd11dddd295/_packaging/AppDev/npm/registry/sade/-/sade-1.8.1.tgz",
			"integrity": "sha1-CnjoHWWNOUiHvlfSpAm/cDo7JwE=",
			"dev": true,
			"license": "MIT",
			"dependencies": {
				"mri": "^1.1.0"
			},
			"engines": {
				"node": ">=6"
			}
		},
		"node_modules/set-cookie-parser": {
			"version": "2.6.0",
			"resolved": "https://pkgs.dev.azure.com/nhaschools/fe16c2d1-b603-45ec-9b8c-7bd11dddd295/_packaging/AppDev/npm/registry/set-cookie-parser/-/set-cookie-parser-2.6.0.tgz",
			"integrity": "sha1-Exkh5Q9i/xpmpGHX1i17IdXRWlE=",
			"dev": true,
			"license": "MIT"
		},
		"node_modules/sirv": {
			"version": "2.0.3",
			"resolved": "https://pkgs.dev.azure.com/nhaschools/fe16c2d1-b603-45ec-9b8c-7bd11dddd295/_packaging/AppDev/npm/registry/sirv/-/sirv-2.0.3.tgz",
			"integrity": "sha1-ylhouHIFp0vvYqRp7QKWq87M1EY=",
			"dev": true,
			"license": "MIT",
			"dependencies": {
				"@polka/url": "^1.0.0-next.20",
				"mrmime": "^1.0.0",
				"totalist": "^3.0.0"
			},
			"engines": {
				"node": ">= 10"
			}
		},
		"node_modules/source-map-js": {
			"version": "1.0.2",
			"resolved": "https://pkgs.dev.azure.com/nhaschools/fe16c2d1-b603-45ec-9b8c-7bd11dddd295/_packaging/AppDev/npm/registry/source-map-js/-/source-map-js-1.0.2.tgz",
			"integrity": "sha1-rbw2HZxi3zgBJefxYfccgm8eSQw=",
			"dev": true,
			"license": "BSD-3-Clause",
			"engines": {
				"node": ">=0.10.0"
			}
		},
		"node_modules/streamsearch": {
			"version": "1.1.0",
			"resolved": "https://pkgs.dev.azure.com/nhaschools/fe16c2d1-b603-45ec-9b8c-7bd11dddd295/_packaging/AppDev/npm/registry/streamsearch/-/streamsearch-1.1.0.tgz",
			"integrity": "sha1-QE3R4iR8qUr1VOhBqO8OqiONp2Q=",
			"dev": true,
			"engines": {
				"node": ">=10.0.0"
			}
		},
		"node_modules/svelte": {
			"version": "4.2.0",
			"resolved": "https://pkgs.dev.azure.com/nhaschools/fe16c2d1-b603-45ec-9b8c-7bd11dddd295/_packaging/AppDev/npm/registry/svelte/-/svelte-4.2.0.tgz",
			"integrity": "sha1-DkMEwVUkRQsi+6AlFuty772IR7Y=",
			"dev": true,
			"license": "MIT",
			"dependencies": {
				"@ampproject/remapping": "^2.2.1",
				"@jridgewell/sourcemap-codec": "^1.4.15",
				"@jridgewell/trace-mapping": "^0.3.18",
				"acorn": "^8.9.0",
				"aria-query": "^5.3.0",
				"axobject-query": "^3.2.1",
				"code-red": "^1.0.3",
				"css-tree": "^2.3.1",
				"estree-walker": "^3.0.3",
				"is-reference": "^3.0.1",
				"locate-character": "^3.0.0",
				"magic-string": "^0.30.0",
				"periscopic": "^3.1.0"
			},
			"engines": {
				"node": ">=16"
			}
		},
		"node_modules/svelte-hmr": {
			"version": "0.15.3",
			"resolved": "https://pkgs.dev.azure.com/nhaschools/fe16c2d1-b603-45ec-9b8c-7bd11dddd295/_packaging/AppDev/npm/registry/svelte-hmr/-/svelte-hmr-0.15.3.tgz",
			"integrity": "sha1-31TM3pvj8JG/Xxj8Tve462QF++Y=",
			"dev": true,
			"license": "ISC",
			"engines": {
				"node": "^12.20 || ^14.13.1 || >= 16"
			},
			"peerDependencies": {
				"svelte": "^3.19.0 || ^4.0.0"
			}
		},
		"node_modules/totalist": {
			"version": "3.0.1",
			"resolved": "https://pkgs.dev.azure.com/nhaschools/fe16c2d1-b603-45ec-9b8c-7bd11dddd295/_packaging/AppDev/npm/registry/totalist/-/totalist-3.0.1.tgz",
			"integrity": "sha1-ujo9YAyRWxqXhyNI95wSdHX2rPg=",
			"dev": true,
			"license": "MIT",
			"engines": {
				"node": ">=6"
			}
		},
		"node_modules/undici": {
			"version": "5.23.0",
			"resolved": "https://pkgs.dev.azure.com/nhaschools/fe16c2d1-b603-45ec-9b8c-7bd11dddd295/_packaging/AppDev/npm/registry/undici/-/undici-5.23.0.tgz",
			"integrity": "sha1-572w7ULOvnt6yofO1T5uqvuPjKA=",
			"dev": true,
			"license": "MIT",
			"dependencies": {
				"busboy": "^1.6.0"
			},
			"engines": {
				"node": ">=14.0"
			}
		},
		"node_modules/vite": {
			"version": "4.4.9",
			"resolved": "https://pkgs.dev.azure.com/nhaschools/fe16c2d1-b603-45ec-9b8c-7bd11dddd295/_packaging/AppDev/npm/registry/vite/-/vite-4.4.9.tgz",
			"integrity": "sha1-FAJCPxovjWb9jRXjURJ8cjbSnT0=",
			"dev": true,
			"license": "MIT",
			"dependencies": {
				"esbuild": "^0.18.10",
				"postcss": "^8.4.27",
				"rollup": "^3.27.1"
			},
			"bin": {
				"vite": "bin/vite.js"
			},
			"engines": {
				"node": "^14.18.0 || >=16.0.0"
			},
			"funding": {
				"url": "https://github.com/vitejs/vite?sponsor=1"
			},
			"optionalDependencies": {
				"fsevents": "~2.3.2"
			},
			"peerDependencies": {
				"@types/node": ">= 14",
				"less": "*",
				"lightningcss": "^1.21.0",
				"sass": "*",
				"stylus": "*",
				"sugarss": "*",
				"terser": "^5.4.0"
			},
			"peerDependenciesMeta": {
				"@types/node": {
					"optional": true
				},
				"less": {
					"optional": true
				},
				"lightningcss": {
					"optional": true
				},
				"sass": {
					"optional": true
				},
				"stylus": {
					"optional": true
				},
				"sugarss": {
					"optional": true
				},
				"terser": {
					"optional": true
				}
			}
		},
		"node_modules/vitefu": {
			"version": "0.2.4",
			"resolved": "https://pkgs.dev.azure.com/nhaschools/fe16c2d1-b603-45ec-9b8c-7bd11dddd295/_packaging/AppDev/npm/registry/vitefu/-/vitefu-0.2.4.tgz",
			"integrity": "sha1-IS3BqdAlSv5l5Xk1G+1OJdgeCzU=",
			"dev": true,
			"license": "MIT",
			"peerDependencies": {
				"vite": "^3.0.0 || ^4.0.0"
			},
			"peerDependenciesMeta": {
				"vite": {
					"optional": true
				}
			}
		}
	}
}
